
Microsoft Visual Studio Solution File, Format Version 12.00
# Visual Studio Version 17
VisualStudioVersion = 17.12.35707.178
MinimumVisualStudioVersion = 10.0.40219.1
Project("{FAE04EC0-301F-11D3-BF4B-00C04F79EFBC}") = "Task2", "Task2.csproj", "{F421E2F4-8B87-49A4-AFA9-EA94F8329FD5}"
EndProject
Project("{FAE04EC0-301F-11D3-BF4B-00C04F79EFBC}") = "Task2Tests", "..\Task2Tests\Task2Tests.csproj", "{5FAF53BC-8F83-4393-96EC-A1A6BBAECBA7}"
EndProject
Global
	GlobalSection(SolutionConfigurationPlatforms) = preSolution
		Debug|Any CPU = Debug|Any CPU
		Release|Any CPU = Release|Any CPU
	EndGlobalSection
	GlobalSection(ProjectConfigurationPlatforms) = postSolution
		{F421E2F4-8B87-49A4-AFA9-EA94F8329FD5}.Debug|Any CPU.ActiveCfg = Debug|Any CPU
		{F421E2F4-8B87-49A4-AFA9-EA94F8329FD5}.Debug|Any CPU.Build.0 = Debug|Any CPU
		{F421E2F4-8B87-49A4-AFA9-EA94F8329FD5}.Release|Any CPU.ActiveCfg = Release|Any CPU
		{F421E2F4-8B87-49A4-AFA9-EA94F8329FD5}.Release|Any CPU.Build.0 = Release|Any CPU
		{5FAF53BC-8F83-4393-96EC-A1A6BBAECBA7}.Debug|Any CPU.ActiveCfg = Debug|Any CPU
		{5FAF53BC-8F83-4393-96EC-A1A6BBAECBA7}.Debug|Any CPU.Build.0 = Debug|Any CPU
		{5FAF53BC-8F83-4393-96EC-A1A6BBAECBA7}.Release|Any CPU.ActiveCfg = Release|Any CPU
		{5FAF53BC-8F83-4393-96EC-A1A6BBAECBA7}.Release|Any CPU.Build.0 = Release|Any CPU
	EndGlobalSection
	GlobalSection(SolutionProperties) = preSolution
		HideSolutionNode = FALSE
	EndGlobalSection
EndGlobal
